lockfileVersion: 5.4

specifiers:
  '@ant-design/icons': ^4.7.0
  '@types/node': 18.0.3
  '@types/react': 18.0.15
  '@types/react-dom': 18.0.6
  antd: ^4.21.5
  next: latest
  react: 18.2.0
  react-dom: 18.2.0
  typescript: 4.7.4

dependencies:
  '@ant-design/icons': 4.7.0_biqbaboplfbrettd7655fr4n2y
  antd: 4.23.4_biqbaboplfbrettd7655fr4n2y
  next: 12.3.1_biqbaboplfbrettd7655fr4n2y
  react: 18.2.0
  react-dom: 18.2.0_react@18.2.0

devDependencies:
  '@types/node': 18.0.3
  '@types/react': 18.0.15
  '@types/react-dom': 18.0.6
  typescript: 4.7.4

packages:

  /@ant-design/colors/6.0.0:
    resolution: {integrity: sha512-qAZRvPzfdWHtfameEGP2Qvuf838NhergR35o+EuVyB5XvSA98xod5r4utvi4TJ3ywmevm290g9nsCG5MryrdWQ==}
    dependencies:
      '@ctrl/tinycolor': 3.4.1
    dev: false

  /@ant-design/icons-svg/4.2.1:
    resolution: {integrity: sha512-EB0iwlKDGpG93hW8f85CTJTs4SvMX7tt5ceupvhALp1IF44SeUFOMhKUOYqpsoYWQKAOuTRDMqn75rEaKDp0Xw==}
    dev: false

  /@ant-design/icons/4.7.0_biqbaboplfbrettd7655fr4n2y:
    resolution: {integrity: sha512-aoB4Z7JA431rt6d4u+8xcNPPCrdufSRMUOpxa1ab6mz1JCQZOEVolj2WVs/tDFmN62zzK30mNelEsprLYsSF3g==}
    engines: {node: '>=8'}
    peerDependencies:
      react: '>=16.0.0'
      react-dom: '>=16.0.0'
    dependencies:
      '@ant-design/colors': 6.0.0
      '@ant-design/icons-svg': 4.2.1
      '@babel/runtime': 7.19.0
      classnames: 2.3.2
      rc-util: 5.24.4_biqbaboplfbrettd7655fr4n2y
      react: 18.2.0
      react-dom: 18.2.0_react@18.2.0
    dev: false

  /@ant-design/react-slick/0.29.2_react@18.2.0:
    resolution: {integrity: sha512-kgjtKmkGHa19FW21lHnAfyyH9AAoh35pBdcJ53rHmQ3O+cfFHGHnUbj/HFrRNJ5vIts09FKJVAD8RpaC+RaWfA==}
    peerDependencies:
      react: '>=16.9.0'
    dependencies:
      '@babel/runtime': 7.19.0
      classnames: 2.3.2
      json2mq: 0.2.0
      lodash: 4.17.21
      react: 18.2.0
      resize-observer-polyfill: 1.5.1
    dev: false

  /@babel/runtime/7.19.0:
    resolution: {integrity: sha512-eR8Lo9hnDS7tqkO7NsV+mKvCmv5boaXFSZ70DnfhcgiEne8hv9oCEd36Klw74EtizEqLsy4YnW8UWwpBVolHZA==}
    engines: {node: '>=6.9.0'}
    dependencies:
      regenerator-runtime: 0.13.9
    dev: false

  /@ctrl/tinycolor/3.4.1:
    resolution: {integrity: sha512-ej5oVy6lykXsvieQtqZxCOaLT+xD4+QNarq78cIYISHmZXshCvROLudpQN3lfL8G0NL7plMSSK+zlyvCaIJ4Iw==}
    engines: {node: '>=10'}
    dev: false

  /@next/env/12.3.1:
    resolution: {integrity: sha512-9P9THmRFVKGKt9DYqeC2aKIxm8rlvkK38V1P1sRE7qyoPBIs8l9oo79QoSdPtOWfzkbDAVUqvbQGgTMsb8BtJg==}
    dev: false

  /@next/swc-android-arm-eabi/12.3.1:
    resolution: {integrity: sha512-i+BvKA8tB//srVPPQxIQN5lvfROcfv4OB23/L1nXznP+N/TyKL8lql3l7oo2LNhnH66zWhfoemg3Q4VJZSruzQ==}
    engines: {node: '>= 10'}
    cpu: [arm]
    os: [android]
    requiresBuild: true
    dev: false
    optional: true

  /@next/swc-android-arm64/12.3.1:
    resolution: {integrity: sha512-CmgU2ZNyBP0rkugOOqLnjl3+eRpXBzB/I2sjwcGZ7/Z6RcUJXK5Evz+N0ucOxqE4cZ3gkTeXtSzRrMK2mGYV8Q==}
    engines: {node: '>= 10'}
    cpu: [arm64]
    os: [android]
    requiresBuild: true
    dev: false
    optional: true

  /@next/swc-darwin-arm64/12.3.1:
    resolution: {integrity: sha512-hT/EBGNcu0ITiuWDYU9ur57Oa4LybD5DOQp4f22T6zLfpoBMfBibPtR8XktXmOyFHrL/6FC2p9ojdLZhWhvBHg==}
    engines: {node: '>= 10'}
    cpu: [arm64]
    os: [darwin]
    requiresBuild: true
    dev: false
    optional: true

  /@next/swc-darwin-x64/12.3.1:
    resolution: {integrity: sha512-9S6EVueCVCyGf2vuiLiGEHZCJcPAxglyckTZcEwLdJwozLqN0gtS0Eq0bQlGS3dH49Py/rQYpZ3KVWZ9BUf/WA==}
    engines: {node: '>= 10'}
    cpu: [x64]
    os: [darwin]
    requiresBuild: true
    dev: false
    optional: true

  /@next/swc-freebsd-x64/12.3.1:
    resolution: {integrity: sha512-qcuUQkaBZWqzM0F1N4AkAh88lLzzpfE6ImOcI1P6YeyJSsBmpBIV8o70zV+Wxpc26yV9vpzb+e5gCyxNjKJg5Q==}
    engines: {node: '>= 10'}
    cpu: [x64]
    os: [freebsd]
    requiresBuild: true
    dev: false
    optional: true

  /@next/swc-linux-arm-gnueabihf/12.3.1:
    resolution: {integrity: sha512-diL9MSYrEI5nY2wc/h/DBewEDUzr/DqBjIgHJ3RUNtETAOB3spMNHvJk2XKUDjnQuluLmFMloet9tpEqU2TT9w==}
    engines: {node: '>= 10'}
    cpu: [arm]
    os: [linux]
    requiresBuild: true
    dev: false
    optional: true

  /@next/swc-linux-arm64-gnu/12.3.1:
    resolution: {integrity: sha512-o/xB2nztoaC7jnXU3Q36vGgOolJpsGG8ETNjxM1VAPxRwM7FyGCPHOMk1XavG88QZSQf+1r+POBW0tLxQOJ9DQ==}
    engines: {node: '>= 10'}
    cpu: [arm64]
    os: [linux]
    requiresBuild: true
    dev: false
    optional: true

  /@next/swc-linux-arm64-musl/12.3.1:
    resolution: {integrity: sha512-2WEasRxJzgAmP43glFNhADpe8zB7kJofhEAVNbDJZANp+H4+wq+/cW1CdDi8DqjkShPEA6/ejJw+xnEyDID2jg==}
    engines: {node: '>= 10'}
    cpu: [arm64]
    os: [linux]
    requiresBuild: true
    dev: false
    optional: true

  /@next/swc-linux-x64-gnu/12.3.1:
    resolution: {integrity: sha512-JWEaMyvNrXuM3dyy9Pp5cFPuSSvG82+yABqsWugjWlvfmnlnx9HOQZY23bFq3cNghy5V/t0iPb6cffzRWylgsA==}
    engines: {node: '>= 10'}
    cpu: [x64]
    os: [linux]
    requiresBuild: true
    dev: false
    optional: true

  /@next/swc-linux-x64-musl/12.3.1:
    resolution: {integrity: sha512-xoEWQQ71waWc4BZcOjmatuvPUXKTv6MbIFzpm4LFeCHsg2iwai0ILmNXf81rJR+L1Wb9ifEke2sQpZSPNz1Iyg==}
    engines: {node: '>= 10'}
    cpu: [x64]
    os: [linux]
    requiresBuild: true
    dev: false
    optional: true

  /@next/swc-win32-arm64-msvc/12.3.1:
    resolution: {integrity: sha512-hswVFYQYIeGHE2JYaBVtvqmBQ1CppplQbZJS/JgrVI3x2CurNhEkmds/yqvDONfwfbttTtH4+q9Dzf/WVl3Opw==}
    engines: {node: '>= 10'}
    cpu: [arm64]
    os: [win32]
    requiresBuild: true
    dev: false
    optional: true

  /@next/swc-win32-ia32-msvc/12.3.1:
    resolution: {integrity: sha512-Kny5JBehkTbKPmqulr5i+iKntO5YMP+bVM8Hf8UAmjSMVo3wehyLVc9IZkNmcbxi+vwETnQvJaT5ynYBkJ9dWA==}
    engines: {node: '>= 10'}
    cpu: [ia32]
    os: [win32]
    requiresBuild: true
    dev: false
    optional: true

  /@next/swc-win32-x64-msvc/12.3.1:
    resolution: {integrity: sha512-W1ijvzzg+kPEX6LAc+50EYYSEo0FVu7dmTE+t+DM4iOLqgGHoW9uYSz9wCVdkXOEEMP9xhXfGpcSxsfDucyPkA==}
    engines: {node: '>= 10'}
    cpu: [x64]
    os: [win32]
    requiresBuild: true
    dev: false
    optional: true

  /@swc/helpers/0.4.11:
    resolution: {integrity: sha512-rEUrBSGIoSFuYxwBYtlUFMlE2CwGhmW+w9355/5oduSw8e5h2+Tj4UrAGNNgP9915++wj5vkQo0UuOBqOAq4nw==}
    dependencies:
      tslib: 2.4.0
    dev: false

  /@types/node/18.0.3:
    resolution: {integrity: sha512-HzNRZtp4eepNitP+BD6k2L6DROIDG4Q0fm4x+dwfsr6LGmROENnok75VGw40628xf+iR24WeMFcHuuBDUAzzsQ==}
    dev: true

  /@types/prop-types/15.7.5:
    resolution: {integrity: sha512-JCB8C6SnDoQf0cNycqd/35A7MjcnK+ZTqE7judS6o7utxUCg6imJg3QK2qzHKszlTjcj2cn+NwMB2i96ubpj7w==}
    dev: true

  /@types/react-dom/18.0.6:
    resolution: {integrity: sha512-/5OFZgfIPSwy+YuIBP/FgJnQnsxhZhjjrnxudMddeblOouIodEQ75X14Rr4wGSG/bknL+Omy9iWlLo1u/9GzAA==}
    dependencies:
      '@types/react': 18.0.15
    dev: true

  /@types/react/18.0.15:
    resolution: {integrity: sha512-iz3BtLuIYH1uWdsv6wXYdhozhqj20oD4/Hk2DNXIn1kFsmp9x8d9QB6FnPhfkbhd2PgEONt9Q1x/ebkwjfFLow==}
    dependencies:
      '@types/prop-types': 15.7.5
      '@types/scheduler': 0.16.2
      csstype: 3.1.1
    dev: true

  /@types/scheduler/0.16.2:
    resolution: {integrity: sha512-hppQEBDmlwhFAXKJX2KnWLYu5yMfi91yazPb2l+lbJiwW+wdo1gNeRA+3RgNSO39WYX2euey41KEwnqesU2Jew==}
    dev: true

  /antd/4.23.4_biqbaboplfbrettd7655fr4n2y:
    resolution: {integrity: sha512-2VdDSPXEjCc2m2qBgv6DKpKnsKIGyQtJBdcGn223EqHxDWHqCaRxeJIA9bcW50ntHFkwdeBa+IeWLBor377dkA==}
    peerDependencies:
      react: '>=16.9.0'
      react-dom: '>=16.9.0'
    dependencies:
      '@ant-design/colors': 6.0.0
      '@ant-design/icons': 4.7.0_biqbaboplfbrettd7655fr4n2y
      '@ant-design/react-slick': 0.29.2_react@18.2.0
      '@babel/runtime': 7.19.0
      '@ctrl/tinycolor': 3.4.1
      classnames: 2.3.2
      copy-to-clipboard: 3.3.2
      lodash: 4.17.21
      memoize-one: 6.0.0
      moment: 2.29.4
      rc-cascader: 3.7.0_biqbaboplfbrettd7655fr4n2y
      rc-checkbox: 2.3.2_biqbaboplfbrettd7655fr4n2y
      rc-collapse: 3.3.1_biqbaboplfbrettd7655fr4n2y
      rc-dialog: 8.9.0_biqbaboplfbrettd7655fr4n2y
      rc-drawer: 5.1.0_biqbaboplfbrettd7655fr4n2y
      rc-dropdown: 4.0.1_biqbaboplfbrettd7655fr4n2y
      rc-field-form: 1.27.2_biqbaboplfbrettd7655fr4n2y
      rc-image: 5.7.1_biqbaboplfbrettd7655fr4n2y
      rc-input: 0.1.2_biqbaboplfbrettd7655fr4n2y
      rc-input-number: 7.3.9_biqbaboplfbrettd7655fr4n2y
      rc-mentions: 1.9.2_biqbaboplfbrettd7655fr4n2y
      rc-menu: 9.6.4_biqbaboplfbrettd7655fr4n2y
      rc-motion: 2.6.2_biqbaboplfbrettd7655fr4n2y
      rc-notification: 4.6.0_biqbaboplfbrettd7655fr4n2y
      rc-pagination: 3.1.17_biqbaboplfbrettd7655fr4n2y
      rc-picker: 2.6.10_biqbaboplfbrettd7655fr4n2y
      rc-progress: 3.3.3_biqbaboplfbrettd7655fr4n2y
      rc-rate: 2.9.2_biqbaboplfbrettd7655fr4n2y
      rc-resize-observer: 1.2.0_biqbaboplfbrettd7655fr4n2y
      rc-segmented: 2.1.0_biqbaboplfbrettd7655fr4n2y
      rc-select: 14.1.13_biqbaboplfbrettd7655fr4n2y
      rc-slider: 10.0.1_biqbaboplfbrettd7655fr4n2y
      rc-steps: 4.1.4_biqbaboplfbrettd7655fr4n2y
      rc-switch: 3.2.2_biqbaboplfbrettd7655fr4n2y
      rc-table: 7.26.0_biqbaboplfbrettd7655fr4n2y
      rc-tabs: 12.1.0-alpha.1_biqbaboplfbrettd7655fr4n2y
      rc-textarea: 0.3.7_biqbaboplfbrettd7655fr4n2y
      rc-tooltip: 5.2.2_biqbaboplfbrettd7655fr4n2y
      rc-tree: 5.7.0_biqbaboplfbrettd7655fr4n2y
      rc-tree-select: 5.5.0_biqbaboplfbrettd7655fr4n2y
      rc-trigger: 5.3.1_biqbaboplfbrettd7655fr4n2y
      rc-upload: 4.3.4_biqbaboplfbrettd7655fr4n2y
      rc-util: 5.24.4_biqbaboplfbrettd7655fr4n2y
      react: 18.2.0
      react-dom: 18.2.0_react@18.2.0
      scroll-into-view-if-needed: 2.2.29
    dev: false

  /array-tree-filter/2.1.0:
    resolution: {integrity: sha512-4ROwICNlNw/Hqa9v+rk5h22KjmzB1JGTMVKP2AKJBOCgb0yL0ASf0+YvCcLNNwquOHNX48jkeZIJ3a+oOQqKcw==}
    dev: false

  /async-validator/4.2.5:
    resolution: {integrity: sha512-7HhHjtERjqlNbZtqNqy2rckN/SpOOlmDliet+lP7k+eKZEjPk3DgyeU9lIXLdeLz0uBbbVp+9Qdow9wJWgwwfg==}
    dev: false

  /caniuse-lite/1.0.30001418:
    resolution: {integrity: sha512-oIs7+JL3K9JRQ3jPZjlH6qyYDp+nBTCais7hjh0s+fuBwufc7uZ7hPYMXrDOJhV360KGMTcczMRObk0/iMqZRg==}
    dev: false

  /classnames/2.3.2:
    resolution: {integrity: sha512-CSbhY4cFEJRe6/GQzIk5qXZ4Jeg5pcsP7b5peFSDpffpe1cqjASH/n9UTjBwOp6XpMSTwQ8Za2K5V02ueA7Tmw==}
    dev: false

  /compute-scroll-into-view/1.0.17:
    resolution: {integrity: sha512-j4dx+Fb0URmzbwwMUrhqWM2BEWHdFGx+qZ9qqASHRPqvTYdqvWnHg0H1hIbcyLnvgnoNAVMlwkepyqM3DaIFUg==}
    dev: false

  /copy-to-clipboard/3.3.2:
    resolution: {integrity: sha512-Vme1Z6RUDzrb6xAI7EZlVZ5uvOk2F//GaxKUxajDqm9LhOVM1inxNAD2vy+UZDYsd0uyA9s7b3/FVZPSxqrCfg==}
    dependencies:
      toggle-selection: 1.0.6
    dev: false

  /csstype/3.1.1:
    resolution: {integrity: sha512-DJR/VvkAvSZW9bTouZue2sSxDwdTN92uHjqeKVm+0dAqdfNykRzQ95tay8aXMBAAPpUiq4Qcug2L7neoRh2Egw==}
    dev: true

  /date-fns/2.29.3:
    resolution: {integrity: sha512-dDCnyH2WnnKusqvZZ6+jA1O51Ibt8ZMRNkDZdyAyK4YfbDwa/cEmuztzG5pk6hqlp9aSBPYcjOlktquahGwGeA==}
    engines: {node: '>=0.11'}
    dev: false

  /dayjs/1.11.5:
    resolution: {integrity: sha512-CAdX5Q3YW3Gclyo5Vpqkgpj8fSdLQcRuzfX6mC6Phy0nfJ0eGYOeS7m4mt2plDWLAtA4TqTakvbboHvUxfe4iA==}
    dev: false

  /dom-align/1.12.3:
    resolution: {integrity: sha512-Gj9hZN3a07cbR6zviMUBOMPdWxYhbMI+x+WS0NAIu2zFZmbK8ys9R79g+iG9qLnlCwpFoaB+fKy8Pdv470GsPA==}
    dev: false

  /js-tokens/4.0.0:
    resolution: {integrity: sha512-RdJUflcE3cUzKiMqQgsCu06FPu9UdIJO0beYbPhHN4k6apgJtifcoCtT9bcxOpYBtpD2kCM6Sbzg4CausW/PKQ==}
    dev: false

  /json2mq/0.2.0:
    resolution: {integrity: sha512-SzoRg7ux5DWTII9J2qkrZrqV1gt+rTaoufMxEzXbS26Uid0NwaJd123HcoB80TgubEppxxIGdNxCx50fEoEWQA==}
    dependencies:
      string-convert: 0.2.1
    dev: false

  /lodash/4.17.21:
    resolution: {integrity: sha512-v2kDEe57lecTulaDIuNTPy3Ry4gLGJ6Z1O3vE1krgXZNrsQ+LFTGHVxVjcXPs17LhbZVGedAJv8XZ1tvj5FvSg==}
    dev: false

  /loose-envify/1.4.0:
    resolution: {integrity: sha512-lyuxPGr/Wfhrlem2CL/UcnUc1zcqKAImBDzukY7Y5F/yQiNdko6+fRLevlw1HgMySw7f611UIY408EtxRSoK3Q==}
    hasBin: true
    dependencies:
      js-tokens: 4.0.0
    dev: false

  /memoize-one/6.0.0:
    resolution: {integrity: sha512-rkpe71W0N0c0Xz6QD0eJETuWAJGnJ9afsl1srmwPrI+yBCkge5EycXXbYRyvL29zZVUWQCY7InPRCv3GDXuZNw==}
    dev: false

  /moment/2.29.4:
    resolution: {integrity: sha512-5LC9SOxjSc2HF6vO2CyuTDNivEdoz2IvyJJGj6X8DJ0eFyfszE0QiEd+iXmBvUP3WHxSjFH/vIsA0EN00cgr8w==}
    dev: false

  /nanoid/3.3.4:
    resolution: {integrity: sha512-MqBkQh/OHTS2egovRtLk45wEyNXwF+cokD+1YPf9u5VfJiRdAiRwB2froX5Co9Rh20xs4siNPm8naNotSD6RBw==}
    engines: {node: ^10 || ^12 || ^13.7 || ^14 || >=15.0.1}
    hasBin: true
    dev: false

  /next/12.3.1_biqbaboplfbrettd7655fr4n2y:
    resolution: {integrity: sha512-l7bvmSeIwX5lp07WtIiP9u2ytZMv7jIeB8iacR28PuUEFG5j0HGAPnMqyG5kbZNBG2H7tRsrQ4HCjuMOPnANZw==}
    engines: {node: '>=12.22.0'}
    hasBin: true
    peerDependencies:
      fibers: '>= 3.1.0'
      node-sass: ^6.0.0 || ^7.0.0
      react: ^17.0.2 || ^18.0.0-0
      react-dom: ^17.0.2 || ^18.0.0-0
      sass: ^1.3.0
    peerDependenciesMeta:
      fibers:
        optional: true
      node-sass:
        optional: true
      sass:
        optional: true
    dependencies:
      '@next/env': 12.3.1
      '@swc/helpers': 0.4.11
      caniuse-lite: 1.0.30001418
      postcss: 8.4.14
      react: 18.2.0
      react-dom: 18.2.0_react@18.2.0
      styled-jsx: 5.0.7_react@18.2.0
      use-sync-external-store: 1.2.0_react@18.2.0
    optionalDependencies:
      '@next/swc-android-arm-eabi': 12.3.1
      '@next/swc-android-arm64': 12.3.1
      '@next/swc-darwin-arm64': 12.3.1
      '@next/swc-darwin-x64': 12.3.1
      '@next/swc-freebsd-x64': 12.3.1
      '@next/swc-linux-arm-gnueabihf': 12.3.1
      '@next/swc-linux-arm64-gnu': 12.3.1
      '@next/swc-linux-arm64-musl': 12.3.1
      '@next/swc-linux-x64-gnu': 12.3.1
      '@next/swc-linux-x64-musl': 12.3.1
      '@next/swc-win32-arm64-msvc': 12.3.1
      '@next/swc-win32-ia32-msvc': 12.3.1
      '@next/swc-win32-x64-msvc': 12.3.1
    transitivePeerDependencies:
      - '@babel/core'
      - babel-plugin-macros
    dev: false

  /picocolors/1.0.0:
    resolution: {integrity: sha512-1fygroTLlHu66zi26VoTDv8yRgm0Fccecssto+MhsZ0D/DGW2sm8E8AjW7NU5VVTRt5GxbeZ5qBuJr+HyLYkjQ==}
    dev: false

  /postcss/8.4.14:
    resolution: {integrity: sha512-E398TUmfAYFPBSdzgeieK2Y1+1cpdxJx8yXbK/m57nRhKSmk1GB2tO4lbLBtlkfPQTDKfe4Xqv1ASWPpayPEig==}
    engines: {node: ^10 || ^12 || >=14}
    dependencies:
      nanoid: 3.3.4
      picocolors: 1.0.0
      source-map-js: 1.0.2
    dev: false

  /rc-align/4.0.12_biqbaboplfbrettd7655fr4n2y:
    resolution: {integrity: sha512-3DuwSJp8iC/dgHzwreOQl52soj40LchlfUHtgACOUtwGuoFIOVh6n/sCpfqCU8kO5+iz6qR0YKvjgB8iPdE3aQ==}
    peerDependencies:
      react: '>=16.9.0'
      react-dom: '>=16.9.0'
    dependencies:
      '@babel/runtime': 7.19.0
      classnames: 2.3.2
      dom-align: 1.12.3
      lodash: 4.17.21
      rc-util: 5.24.4_biqbaboplfbrettd7655fr4n2y
      react: 18.2.0
      react-dom: 18.2.0_react@18.2.0
      resize-observer-polyfill: 1.5.1
    dev: false

  /rc-cascader/3.7.0_biqbaboplfbrettd7655fr4n2y:
    resolution: {integrity: sha512-SFtGpwmYN7RaWEAGTS4Rkc62ZV/qmQGg/tajr/7mfIkleuu8ro9Hlk6J+aA0x1YS4zlaZBtTcSaXM01QMiEV/A==}
    peerDependencies:
      react: '>=16.9.0'
      react-dom: '>=16.9.0'
    dependencies:
      '@babel/runtime': 7.19.0
      array-tree-filter: 2.1.0
      classnames: 2.3.2
      rc-select: 14.1.13_biqbaboplfbrettd7655fr4n2y
      rc-tree: 5.7.0_biqbaboplfbrettd7655fr4n2y
      rc-util: 5.24.4_biqbaboplfbrettd7655fr4n2y
      react: 18.2.0
      react-dom: 18.2.0_react@18.2.0
    dev: false

  /rc-checkbox/2.3.2_biqbaboplfbrettd7655fr4n2y:
    resolution: {integrity: sha512-afVi1FYiGv1U0JlpNH/UaEXdh6WUJjcWokj/nUN2TgG80bfG+MDdbfHKlLcNNba94mbjy2/SXJ1HDgrOkXGAjg==}
    peerDependencies:
      react: '>=16.9.0'
      react-dom: '>=16.9.0'
    dependencies:
      '@babel/runtime': 7.19.0
      classnames: 2.3.2
      react: 18.2.0
      react-dom: 18.2.0_react@18.2.0
    dev: false

  /rc-collapse/3.3.1_biqbaboplfbrettd7655fr4n2y:
    resolution: {integrity: sha512-cOJfcSe3R8vocrF8T+PgaHDrgeA1tX+lwfhwSj60NX9QVRidsILIbRNDLD6nAzmcvVC5PWiIRiR4S1OobxdhCg==}
    peerDependencies:
      react: '>=16.9.0'
      react-dom: '>=16.9.0'
    dependencies:
      '@babel/runtime': 7.19.0
      classnames: 2.3.2
      rc-motion: 2.6.2_biqbaboplfbrettd7655fr4n2y
      rc-util: 5.24.4_biqbaboplfbrettd7655fr4n2y
      react: 18.2.0
      react-dom: 18.2.0_react@18.2.0
      shallowequal: 1.1.0
    dev: false

  /rc-dialog/8.9.0_biqbaboplfbrettd7655fr4n2y:
    resolution: {integrity: sha512-Cp0tbJnrvPchJfnwIvOMWmJ4yjX3HWFatO6oBFD1jx8QkgsQCR0p8nUWAKdd3seLJhEC39/v56kZaEjwp9muoQ==}
    peerDependencies:
      react: '>=16.9.0'
      react-dom: '>=16.9.0'
    dependencies:
      '@babel/runtime': 7.19.0
      classnames: 2.3.2
      rc-motion: 2.6.2_biqbaboplfbrettd7655fr4n2y
      rc-util: 5.24.4_biqbaboplfbrettd7655fr4n2y
      react: 18.2.0
      react-dom: 18.2.0_react@18.2.0
    dev: false

  /rc-drawer/5.1.0_biqbaboplfbrettd7655fr4n2y:
    resolution: {integrity: sha512-pU3Tsn99pxGdYowXehzZbdDVE+4lDXSGb7p8vA9mSmr569oc2Izh4Zw5vLKSe/Xxn2p5MSNbLVqD4tz+pK6SOw==}
    peerDependencies:
      react: '>=16.9.0'
      react-dom: '>=16.9.0'
    dependencies:
      '@babel/runtime': 7.19.0
      classnames: 2.3.2
      rc-motion: 2.6.2_biqbaboplfbrettd7655fr4n2y
      rc-util: 5.24.4_biqbaboplfbrettd7655fr4n2y
      react: 18.2.0
      react-dom: 18.2.0_react@18.2.0
    dev: false

  /rc-dropdown/4.0.1_biqbaboplfbrettd7655fr4n2y:
    resolution: {integrity: sha512-OdpXuOcme1rm45cR0Jzgfl1otzmU4vuBVb+etXM8vcaULGokAKVpKlw8p6xzspG7jGd/XxShvq+N3VNEfk/l5g==}
    peerDependencies:
      react: '>=16.11.0'
      react-dom: '>=16.11.0'
    dependencies:
      '@babel/runtime': 7.19.0
      classnames: 2.3.2
      rc-trigger: 5.3.1_biqbaboplfbrettd7655fr4n2y
      rc-util: 5.24.4_biqbaboplfbrettd7655fr4n2y
      react: 18.2.0
      react-dom: 18.2.0_react@18.2.0
    dev: false

  /rc-field-form/1.27.2_biqbaboplfbrettd7655fr4n2y:
    resolution: {integrity: sha512-NaTjkSB8JsHRgm52wkDorsDzFf2HH6GmCQ2AqkwO8zo+zIqybw8K1lkzDBMDJI8nw1pFuD46U5QsYZv4blYvdw==}
    engines: {node: '>=8.x'}
    peerDependencies:
      react: '>=16.9.0'
      react-dom: '>=16.9.0'
    dependencies:
      '@babel/runtime': 7.19.0
      async-validator: 4.2.5
      rc-util: 5.24.4_biqbaboplfbrettd7655fr4n2y
      react: 18.2.0
      react-dom: 18.2.0_react@18.2.0
    dev: false

  /rc-image/5.7.1_biqbaboplfbrettd7655fr4n2y:
    resolution: {integrity: sha512-QyMfdhoUfb5W14plqXSisaYwpdstcLYnB0MjX5ccIK2rydQM9sDPuekQWu500DDGR2dBaIF5vx9XbWkNFK17Fg==}
    peerDependencies:
      react: '>=16.9.0'
      react-dom: '>=16.9.0'
    dependencies:
      '@babel/runtime': 7.19.0
      classnames: 2.3.2
      rc-dialog: 8.9.0_biqbaboplfbrettd7655fr4n2y
      rc-util: 5.24.4_biqbaboplfbrettd7655fr4n2y
      react: 18.2.0
      react-dom: 18.2.0_react@18.2.0
    dev: false

  /rc-input-number/7.3.9_biqbaboplfbrettd7655fr4n2y:
    resolution: {integrity: sha512-u0+miS+SATdb6DtssYei2JJ1WuZME+nXaG6XGtR8maNyW5uGDytfDu60OTWLQEb0Anv/AcCzehldV8CKmKyQfA==}
    peerDependencies:
      react: '>=16.9.0'
      react-dom: '>=16.9.0'
    dependencies:
      '@babel/runtime': 7.19.0
      classnames: 2.3.2
      rc-util: 5.24.4_biqbaboplfbrettd7655fr4n2y
      react: 18.2.0
      react-dom: 18.2.0_react@18.2.0
    dev: false

  /rc-input/0.1.2_biqbaboplfbrettd7655fr4n2y:
    resolution: {integrity: sha512-ZPmwcFspgfYpUfbSx3KnLk9gImBcLOrlQCr4oTJ4jBoIXgJLTfm26yelzRgBJewhkvD8uJbgX0sQ/yOzuOHnJg==}
    peerDependencies:
      react: '>=16.0.0'
      react-dom: '>=16.0.0'
    dependencies:
      '@babel/runtime': 7.19.0
      classnames: 2.3.2
      rc-util: 5.24.4_biqbaboplfbrettd7655fr4n2y
      react: 18.2.0
      react-dom: 18.2.0_react@18.2.0
    dev: false

  /rc-mentions/1.9.2_biqbaboplfbrettd7655fr4n2y:
    resolution: {integrity: sha512-uxb/lzNnEGmvraKWNGE6KXMVXvt8RQv9XW8R0Dqi3hYsyPiAZeHRCHQKdLARuk5YBhFhZ6ga55D/8XuY367g3g==}
    peerDependencies:
      react: '>=16.9.0'
      react-dom: '>=16.9.0'
    dependencies:
      '@babel/runtime': 7.19.0
      classnames: 2.3.2
      rc-menu: 9.6.4_biqbaboplfbrettd7655fr4n2y
      rc-textarea: 0.3.7_biqbaboplfbrettd7655fr4n2y
      rc-trigger: 5.3.1_biqbaboplfbrettd7655fr4n2y
      rc-util: 5.24.4_biqbaboplfbrettd7655fr4n2y
      react: 18.2.0
      react-dom: 18.2.0_react@18.2.0
    dev: false

  /rc-menu/9.6.4_biqbaboplfbrettd7655fr4n2y:
    resolution: {integrity: sha512-6DiNAjxjVIPLZXHffXxxcyE15d4isRL7iQ1ru4MqYDH2Cqc5bW96wZOdMydFtGLyDdnmEQ9jVvdCE9yliGvzkw==}
    peerDependencies:
      react: '>=16.9.0'
      react-dom: '>=16.9.0'
    dependencies:
      '@babel/runtime': 7.19.0
      classnames: 2.3.2
      rc-motion: 2.6.2_biqbaboplfbrettd7655fr4n2y
      rc-overflow: 1.2.8_biqbaboplfbrettd7655fr4n2y
      rc-trigger: 5.3.1_biqbaboplfbrettd7655fr4n2y
      rc-util: 5.24.4_biqbaboplfbrettd7655fr4n2y
      react: 18.2.0
      react-dom: 18.2.0_react@18.2.0
      shallowequal: 1.1.0
    dev: false

  /rc-motion/2.6.2_biqbaboplfbrettd7655fr4n2y:
    resolution: {integrity: sha512-4w1FaX3dtV749P8GwfS4fYnFG4Rb9pxvCYPc/b2fw1cmlHJWNNgOFIz7ysiD+eOrzJSvnLJWlNQQncpNMXwwpg==}
    peerDependencies:
      react: '>=16.9.0'
      react-dom: '>=16.9.0'
    dependencies:
      '@babel/runtime': 7.19.0
      classnames: 2.3.2
      rc-util: 5.24.4_biqbaboplfbrettd7655fr4n2y
      react: 18.2.0
      react-dom: 18.2.0_react@18.2.0
    dev: false

  /rc-notification/4.6.0_biqbaboplfbrettd7655fr4n2y:
    resolution: {integrity: sha512-xF3MKgIoynzjQAO4lqsoraiFo3UXNYlBfpHs0VWvwF+4pimen9/H1DYLN2mfRWhHovW6gRpla73m2nmyIqAMZQ==}
    engines: {node: '>=8.x'}
    peerDependencies:
      react: '>=16.9.0'
      react-dom: '>=16.9.0'
    dependencies:
      '@babel/runtime': 7.19.0
      classnames: 2.3.2
      rc-motion: 2.6.2_biqbaboplfbrettd7655fr4n2y
      rc-util: 5.24.4_biqbaboplfbrettd7655fr4n2y
      react: 18.2.0
      react-dom: 18.2.0_react@18.2.0
    dev: false

  /rc-overflow/1.2.8_biqbaboplfbrettd7655fr4n2y:
    resolution: {integrity: sha512-QJ0UItckWPQ37ZL1dMEBAdY1dhfTXFL9k6oTTcyydVwoUNMnMqCGqnRNA98axSr/OeDKqR6DVFyi8eA5RQI/uQ==}
    peerDependencies:
      react: '>=16.9.0'
      react-dom: '>=16.9.0'
    dependencies:
      '@babel/runtime': 7.19.0
      classnames: 2.3.2
      rc-resize-observer: 1.2.0_biqbaboplfbrettd7655fr4n2y
      rc-util: 5.24.4_biqbaboplfbrettd7655fr4n2y
      react: 18.2.0
      react-dom: 18.2.0_react@18.2.0
    dev: false

  /rc-pagination/3.1.17_biqbaboplfbrettd7655fr4n2y:
    resolution: {integrity: sha512-/BQ5UxcBnW28vFAcP2hfh+Xg15W0QZn8TWYwdCApchMH1H0CxiaUUcULP8uXcFM1TygcdKWdt3JqsL9cTAfdkQ==}
    peerDependencies:
      react: '>=16.9.0'
      react-dom: '>=16.9.0'
    dependencies:
      '@babel/runtime': 7.19.0
      classnames: 2.3.2
      react: 18.2.0
      react-dom: 18.2.0_react@18.2.0
    dev: false

  /rc-picker/2.6.10_biqbaboplfbrettd7655fr4n2y:
    resolution: {integrity: sha512-9wYtw0DFWs9FO92Qh2D76P0iojUr8ZhLOtScUeOit6ks/F+TBLrOC1uze3IOu+u9gbDAjmosNWLKbBzx/Yuv2w==}
    engines: {node: '>=8.x'}
    peerDependencies:
      react: '>=16.9.0'
      react-dom: '>=16.9.0'
    dependencies:
      '@babel/runtime': 7.19.0
      classnames: 2.3.2
      date-fns: 2.29.3
      dayjs: 1.11.5
      moment: 2.29.4
      rc-trigger: 5.3.1_biqbaboplfbrettd7655fr4n2y
      rc-util: 5.24.4_biqbaboplfbrettd7655fr4n2y
      react: 18.2.0
      react-dom: 18.2.0_react@18.2.0
      shallowequal: 1.1.0
    dev: false

  /rc-progress/3.3.3_biqbaboplfbrettd7655fr4n2y:
    resolution: {integrity: sha512-MDVNVHzGanYtRy2KKraEaWeZLri2ZHWIRyaE1a9MQ2MuJ09m+Wxj5cfcaoaR6z5iRpHpA59YeUxAlpML8N4PJw==}
    peerDependencies:
      react: '>=16.9.0'
      react-dom: '>=16.9.0'
    dependencies:
      '@babel/runtime': 7.19.0
      classnames: 2.3.2
      rc-util: 5.24.4_biqbaboplfbrettd7655fr4n2y
      react: 18.2.0
      react-dom: 18.2.0_react@18.2.0
    dev: false

  /rc-rate/2.9.2_biqbaboplfbrettd7655fr4n2y:
    resolution: {integrity: sha512-SaiZFyN8pe0Fgphv8t3+kidlej+cq/EALkAJAc3A0w0XcPaH2L1aggM8bhe1u6GAGuQNAoFvTLjw4qLPGRKV5g==}
    engines: {node: '>=8.x'}
    peerDependencies:
      react: '>=16.9.0'
      react-dom: '>=16.9.0'
    dependencies:
      '@babel/runtime': 7.19.0
      classnames: 2.3.2
      rc-util: 5.24.4_biqbaboplfbrettd7655fr4n2y
      react: 18.2.0
      react-dom: 18.2.0_react@18.2.0
    dev: false

  /rc-resize-observer/1.2.0_biqbaboplfbrettd7655fr4n2y:
    resolution: {integrity: sha512-6W+UzT3PyDM0wVCEHfoW3qTHPTvbdSgiA43buiy8PzmeMnfgnDeb9NjdimMXMl3/TcrvvWl5RRVdp+NqcR47pQ==}
    peerDependencies:
      react: '>=16.9.0'
      react-dom: '>=16.9.0'
    dependencies:
      '@babel/runtime': 7.19.0
      classnames: 2.3.2
      rc-util: 5.24.4_biqbaboplfbrettd7655fr4n2y
      react: 18.2.0
      react-dom: 18.2.0_react@18.2.0
      resize-observer-polyfill: 1.5.1
    dev: false

  /rc-segmented/2.1.0_biqbaboplfbrettd7655fr4n2y:
    resolution: {integrity: sha512-hUlonro+pYoZcwrH6Vm56B2ftLfQh046hrwif/VwLIw1j3zGt52p5mREBwmeVzXnSwgnagpOpfafspzs1asjGw==}
    peerDependencies:
      react: '>=16.0.0'
      react-dom: '>=16.0.0'
    dependencies:
      '@babel/runtime': 7.19.0
      classnames: 2.3.2
      rc-motion: 2.6.2_biqbaboplfbrettd7655fr4n2y
      rc-util: 5.24.4_biqbaboplfbrettd7655fr4n2y
      react: 18.2.0
      react-dom: 18.2.0_react@18.2.0
    dev: false

  /rc-select/14.1.13_biqbaboplfbrettd7655fr4n2y:
    resolution: {integrity: sha512-WMEsC3gTwA1dbzWOdVIXDmWyidYNLq68AwvvUlRROw790uGUly0/vmqDozXrIr0QvN/A3CEULx12o+WtLCAefg==}
    engines: {node: '>=8.x'}
    peerDependencies:
      react: '*'
      react-dom: '*'
    dependencies:
      '@babel/runtime': 7.19.0
      classnames: 2.3.2
      rc-motion: 2.6.2_biqbaboplfbrettd7655fr4n2y
      rc-overflow: 1.2.8_biqbaboplfbrettd7655fr4n2y
      rc-trigger: 5.3.1_biqbaboplfbrettd7655fr4n2y
      rc-util: 5.24.4_biqbaboplfbrettd7655fr4n2y
      rc-virtual-list: 3.4.8_biqbaboplfbrettd7655fr4n2y
      react: 18.2.0
      react-dom: 18.2.0_react@18.2.0
    dev: false

  /rc-slider/10.0.1_biqbaboplfbrettd7655fr4n2y:
    resolution: {integrity: sha512-igTKF3zBet7oS/3yNiIlmU8KnZ45npmrmHlUUio8PNbIhzMcsh+oE/r2UD42Y6YD2D/s+kzCQkzQrPD6RY435Q==}
    engines: {node: '>=8.x'}
    peerDependencies:
      react: '>=16.9.0'
      react-dom: '>=16.9.0'
    dependencies:
      '@babel/runtime': 7.19.0
      classnames: 2.3.2
      rc-util: 5.24.4_biqbaboplfbrettd7655fr4n2y
      react: 18.2.0
      react-dom: 18.2.0_react@18.2.0
      shallowequal: 1.1.0
    dev: false

  /rc-steps/4.1.4_biqbaboplfbrettd7655fr4n2y:
    resolution: {integrity: sha512-qoCqKZWSpkh/b03ASGx1WhpKnuZcRWmvuW+ZUu4mvMdfvFzVxblTwUM+9aBd0mlEUFmt6GW8FXhMpHkK3Uzp3w==}
    engines: {node: '>=8.x'}
    peerDependencies:
      react: '>=16.9.0'
      react-dom: '>=16.9.0'
    dependencies:
      '@babel/runtime': 7.19.0
      classnames: 2.3.2
      rc-util: 5.24.4_biqbaboplfbrettd7655fr4n2y
      react: 18.2.0
      react-dom: 18.2.0_react@18.2.0
    dev: false

  /rc-switch/3.2.2_biqbaboplfbrettd7655fr4n2y:
    resolution: {integrity: sha512-+gUJClsZZzvAHGy1vZfnwySxj+MjLlGRyXKXScrtCTcmiYNPzxDFOxdQ/3pK1Kt/0POvwJ/6ALOR8gwdXGhs+A==}
    peerDependencies:
      react: '>=16.9.0'
      react-dom: '>=16.9.0'
    dependencies:
      '@babel/runtime': 7.19.0
      classnames: 2.3.2
      rc-util: 5.24.4_biqbaboplfbrettd7655fr4n2y
      react: 18.2.0
      react-dom: 18.2.0_react@18.2.0
    dev: false

  /rc-table/7.26.0_biqbaboplfbrettd7655fr4n2y:
    resolution: {integrity: sha512-0cD8e6S+DTGAt5nBZQIPFYEaIukn17sfa5uFL98faHlH/whZzD8ii3dbFL4wmUDEL4BLybhYop+QUfZJ4CPvNQ==}
    engines: {node: '>=8.x'}
    peerDependencies:
      react: '>=16.9.0'
      react-dom: '>=16.9.0'
    dependencies:
      '@babel/runtime': 7.19.0
      classnames: 2.3.2
      rc-resize-observer: 1.2.0_biqbaboplfbrettd7655fr4n2y
      rc-util: 5.24.4_biqbaboplfbrettd7655fr4n2y
      react: 18.2.0
      react-dom: 18.2.0_react@18.2.0
      shallowequal: 1.1.0
    dev: false

  /rc-tabs/12.1.0-alpha.1_biqbaboplfbrettd7655fr4n2y:
    resolution: {integrity: sha512-M+B88WEnGSuE+mR54fpgPbZLAakzxa/H6FmEetLBl5WG4I3AcwSk9amuIPC/tu0KXBl+H6Bg5ZwrrEUOBUvgzg==}
    engines: {node: '>=8.x'}
    peerDependencies:
      react: '>=16.9.0'
      react-dom: '>=16.9.0'
    dependencies:
      '@babel/runtime': 7.19.0
      classnames: 2.3.2
      rc-dropdown: 4.0.1_biqbaboplfbrettd7655fr4n2y
      rc-menu: 9.6.4_biqbaboplfbrettd7655fr4n2y
      rc-motion: 2.6.2_biqbaboplfbrettd7655fr4n2y
      rc-resize-observer: 1.2.0_biqbaboplfbrettd7655fr4n2y
      rc-util: 5.24.4_biqbaboplfbrettd7655fr4n2y
      react: 18.2.0
      react-dom: 18.2.0_react@18.2.0
    dev: false

  /rc-textarea/0.3.7_biqbaboplfbrettd7655fr4n2y:
    resolution: {integrity: sha512-yCdZ6binKmAQB13hc/oehh0E/QRwoPP1pjF21aHBxlgXO3RzPF6dUu4LG2R4FZ1zx/fQd2L1faktulrXOM/2rw==}
    peerDependencies:
      react: '>=16.9.0'
      react-dom: '>=16.9.0'
    dependencies:
      '@babel/runtime': 7.19.0
      classnames: 2.3.2
      rc-resize-observer: 1.2.0_biqbaboplfbrettd7655fr4n2y
      rc-util: 5.24.4_biqbaboplfbrettd7655fr4n2y
      react: 18.2.0
      react-dom: 18.2.0_react@18.2.0
      shallowequal: 1.1.0
    dev: false

  /rc-tooltip/5.2.2_biqbaboplfbrettd7655fr4n2y:
    resolution: {integrity: sha512-jtQzU/18S6EI3lhSGoDYhPqNpWajMtS5VV/ld1LwyfrDByQpYmw/LW6U7oFXXLukjfDHQ7Ju705A82PRNFWYhg==}
    peerDependencies:
      react: '>=16.9.0'
      react-dom: '>=16.9.0'
    dependencies:
      '@babel/runtime': 7.19.0
      classnames: 2.3.2
      rc-trigger: 5.3.1_biqbaboplfbrettd7655fr4n2y
      react: 18.2.0
      react-dom: 18.2.0_react@18.2.0
    dev: false

  /rc-tree-select/5.5.0_biqbaboplfbrettd7655fr4n2y:
    resolution: {integrity: sha512-XS0Jvw4OjFz/Xvb2byEkBWv55JFKFz0HVvTBa/cPOHJaQh/3EaYwymEMnCCvGEzS1+5CfDVwMtA8j/v4rt1DHw==}
    peerDependencies:
      react: '*'
      react-dom: '*'
    dependencies:
      '@babel/runtime': 7.19.0
      classnames: 2.3.2
      rc-select: 14.1.13_biqbaboplfbrettd7655fr4n2y
      rc-tree: 5.7.0_biqbaboplfbrettd7655fr4n2y
      rc-util: 5.24.4_biqbaboplfbrettd7655fr4n2y
      react: 18.2.0
      react-dom: 18.2.0_react@18.2.0
    dev: false

  /rc-tree/5.7.0_biqbaboplfbrettd7655fr4n2y:
    resolution: {integrity: sha512-F+Ewkv/UcutshnVBMISP+lPdHDlcsL+YH/MQDVWbk+QdkfID7vXiwrHMEZn31+2Rbbm21z/HPceGS8PXGMmnQg==}
    engines: {node: '>=10.x'}
    peerDependencies:
      react: '*'
      react-dom: '*'
    dependencies:
      '@babel/runtime': 7.19.0
      classnames: 2.3.2
      rc-motion: 2.6.2_biqbaboplfbrettd7655fr4n2y
      rc-util: 5.24.4_biqbaboplfbrettd7655fr4n2y
      rc-virtual-list: 3.4.8_biqbaboplfbrettd7655fr4n2y
      react: 18.2.0
      react-dom: 18.2.0_react@18.2.0
    dev: false

  /rc-trigger/5.3.1_biqbaboplfbrettd7655fr4n2y:
    resolution: {integrity: sha512-5gaFbDkYSefZ14j2AdzucXzlWgU2ri5uEjkHvsf1ynRhdJbKxNOnw4PBZ9+FVULNGFiDzzlVF8RJnR9P/xrnKQ==}
    engines: {node: '>=8.x'}
    peerDependencies:
      react: '>=16.9.0'
      react-dom: '>=16.9.0'
    dependencies:
      '@babel/runtime': 7.19.0
      classnames: 2.3.2
      rc-align: 4.0.12_biqbaboplfbrettd7655fr4n2y
      rc-motion: 2.6.2_biqbaboplfbrettd7655fr4n2y
      rc-util: 5.24.4_biqbaboplfbrettd7655fr4n2y
      react: 18.2.0
      react-dom: 18.2.0_react@18.2.0
    dev: false

  /rc-upload/4.3.4_biqbaboplfbrettd7655fr4n2y:
    resolution: {integrity: sha512-uVbtHFGNjHG/RyAfm9fluXB6pvArAGyAx8z7XzXXyorEgVIWj6mOlriuDm0XowDHYz4ycNK0nE0oP3cbFnzxiQ==}
    peerDependencies:
      react: '>=16.9.0'
      react-dom: '>=16.9.0'
    dependencies:
      '@babel/runtime': 7.19.0
      classnames: 2.3.2
      rc-util: 5.24.4_biqbaboplfbrettd7655fr4n2y
      react: 18.2.0
      react-dom: 18.2.0_react@18.2.0
    dev: false

  /rc-util/5.24.4_biqbaboplfbrettd7655fr4n2y:
    resolution: {integrity: sha512-2a4RQnycV9eV7lVZPEJ7QwJRPlZNc06J7CwcwZo4vIHr3PfUqtYgl1EkUV9ETAc6VRRi8XZOMFhYG63whlIC9Q==}
    peerDependencies:
      react: '>=16.9.0'
      react-dom: '>=16.9.0'
    dependencies:
      '@babel/runtime': 7.19.0
      react: 18.2.0
      react-dom: 18.2.0_react@18.2.0
      react-is: 16.13.1
      shallowequal: 1.1.0
    dev: false

  /rc-virtual-list/3.4.8_biqbaboplfbrettd7655fr4n2y:
    resolution: {integrity: sha512-qSN+Rv4i/E7RCTvTMr1uZo7f3crJJg/5DekoCagydo9zsXrxj07zsFSxqizqW+ldGA16lwa8So/bIbV9Ofjddg==}
    engines: {node: '>=8.x'}
    peerDependencies:
      react: '*'
      react-dom: '*'
    dependencies:
      classnames: 2.3.2
      rc-resize-observer: 1.2.0_biqbaboplfbrettd7655fr4n2y
      rc-util: 5.24.4_biqbaboplfbrettd7655fr4n2y
      react: 18.2.0
      react-dom: 18.2.0_react@18.2.0
    dev: false

  /react-dom/18.2.0_react@18.2.0:
    resolution: {integrity: sha512-6IMTriUmvsjHUjNtEDudZfuDQUoWXVxKHhlEGSk81n4YFS+r/Kl99wXiwlVXtPBtJenozv2P+hxDsw9eA7Xo6g==}
    peerDependencies:
      react: ^18.2.0
    dependencies:
      loose-envify: 1.4.0
      react: 18.2.0
      scheduler: 0.23.0
    dev: false

  /react-is/16.13.1:
    resolution: {integrity: sha512-24e6ynE2H+OKt4kqsOvNd8kBpV65zoxbA4BVsEOB3ARVWQki/DHzaUoC5KuON/BiccDaCCTZBuOcfZs70kR8bQ==}
    dev: false

  /react/18.2.0:
    resolution: {integrity: sha512-/3IjMdb2L9QbBdWiW5e3P2/npwMBaU9mHCSCUzNln0ZCYbcfTsGbTJrU/kGemdH2IWmB2ioZ+zkxtmq6g09fGQ==}
    engines: {node: '>=0.10.0'}
    dependencies:
      loose-envify: 1.4.0
    dev: false

  /regenerator-runtime/0.13.9:
    resolution: {integrity: sha512-p3VT+cOEgxFsRRA9X4lkI1E+k2/CtnKtU4gcxyaCUreilL/vqI6CdZ3wxVUx3UOUg+gnUOQQcRI7BmSI656MYA==}
    dev: false

  /resize-observer-polyfill/1.5.1:
    resolution: {integrity: sha512-LwZrotdHOo12nQuZlHEmtuXdqGoOD0OhaxopaNFxWzInpEgaLWoVuAMbTzixuosCx2nEG58ngzW3vxdWoxIgdg==}
    dev: false

  /scheduler/0.23.0:
    resolution: {integrity: sha512-CtuThmgHNg7zIZWAXi3AsyIzA3n4xx7aNyjwC2VJldO2LMVDhFK+63xGqq6CsJH4rTAt6/M+N4GhZiDYPx9eUw==}
    dependencies:
      loose-envify: 1.4.0
    dev: false

  /scroll-into-view-if-needed/2.2.29:
    resolution: {integrity: sha512-hxpAR6AN+Gh53AdAimHM6C8oTN1ppwVZITihix+WqalywBeFcQ6LdQP5ABNl26nX8GTEL7VT+b8lKpdqq65wXg==}
    dependencies:
      compute-scroll-into-view: 1.0.17
    dev: false

  /shallowequal/1.1.0:
    resolution: {integrity: sha512-y0m1JoUZSlPAjXVtPPW70aZWfIL/dSP7AFkRnniLCrK/8MDKog3TySTBmckD+RObVxH0v4Tox67+F14PdED2oQ==}
    dev: false

  /source-map-js/1.0.2:
    resolution: {integrity: sha512-R0XvVJ9WusLiqTCEiGCmICCMplcCkIwwR11mOSD9CR5u+IXYdiseeEuXCVAjS54zqwkLcPNnmU4OeJ6tUrWhDw==}
    engines: {node: '>=0.10.0'}
    dev: false

  /string-convert/0.2.1:
    resolution: {integrity: sha512-u/1tdPl4yQnPBjnVrmdLo9gtuLvELKsAoRapekWggdiQNvvvum+jYF329d84NAa660KQw7pB2n36KrIKVoXa3A==}
    dev: false

  /styled-jsx/5.0.7_react@18.2.0:
    resolution: {integrity: sha512-b3sUzamS086YLRuvnaDigdAewz1/EFYlHpYBP5mZovKEdQQOIIYq8lApylub3HHZ6xFjV051kkGU7cudJmrXEA==}
    engines: {node: '>= 12.0.0'}
    peerDependencies:
      '@babel/core': '*'
      babel-plugin-macros: '*'
      react: '>= 16.8.0 || 17.x.x || ^18.0.0-0'
    peerDependenciesMeta:
      '@babel/core':
        optional: true
      babel-plugin-macros:
        optional: true
    dependencies:
      react: 18.2.0
    dev: false

  /toggle-selection/1.0.6:
    resolution: {integrity: sha512-BiZS+C1OS8g/q2RRbJmy59xpyghNBqrr6k5L/uKBGRsTfxmu3ffiRnd8mlGPUVayg8pvfi5urfnu8TU7DVOkLQ==}
    dev: false

  /tslib/2.4.0:
    resolution: {integrity: sha512-d6xOpEDfsi2CZVlPQzGeux8XMwLT9hssAsaPYExaQMuYskwb+x1x7J371tWlbBdWHroy99KnVB6qIkUbs5X3UQ==}
    dev: false

  /typescript/4.7.4:
    resolution: {integrity: sha512-C0WQT0gezHuw6AdY1M2jxUO83Rjf0HP7Sk1DtXj6j1EwkQNZrHAg2XPWlq62oqEhYvONq5pkC2Y9oPljWToLmQ==}
    engines: {node: '>=4.2.0'}
    hasBin: true
    dev: true

  /use-sync-external-store/1.2.0_react@18.2.0:
    resolution: {integrity: sha512-eEgnFxGQ1Ife9bzYs6VLi8/4X6CObHMw9Qr9tPY43iKwsPw8xE8+EFsf/2cFZ5S3esXgpWgtSCtLNS41F+sKPA==}
    peerDependencies:
      react: ^16.8.0 || ^17.0.0 || ^18.0.0
    dependencies:
      react: 18.2.0
    dev: false
